
Microsoft Visual Studio Solution File, Format Version 12.00
# Visual Studio Version 16
VisualStudioVersion = 16.0.29230.47
MinimumVisualStudioVersion = 10.0.40219.1
Project("{FAE04EC0-301F-11D3-BF4B-00C04F79EFBC}") = "Graph", "Graph\Graph.csproj", "{84759FBE-8965-41A3-B6C0-4C97BBF9E3BC}"
EndProject
Global
	GlobalSection(SolutionConfigurationPlatforms) = preSolution
		Debug|Any CPU = Debug|Any CPU
		Release|Any CPU = Release|Any CPU
	EndGlobalSection
	GlobalSection(ProjectConfigurationPlatforms) = postSolution
		{84759FBE-8965-41A3-B6C0-4C97BBF9E3BC}.Debug|Any CPU.ActiveCfg = Debug|Any CPU
		{84759FBE-8965-41A3-B6C0-4C97BBF9E3BC}.Debug|Any CPU.Build.0 = Debug|Any CPU
		{84759FBE-8965-41A3-B6C0-4C97BBF9E3BC}.Release|Any CPU.ActiveCfg = Release|Any CPU
		{84759FBE-8965-41A3-B6C0-4C97BBF9E3BC}.Release|Any CPU.Build.0 = Release|Any CPU
	EndGlobalSection
	GlobalSection(SolutionProperties) = preSolution
		HideSolutionNode = FALSE
	EndGlobalSection
	GlobalSection(ExtensibilityGlobals) = postSolution
		SolutionGuid = {D37FDDD1-311B-4247-B56D-63FBF7BAC59D}
	EndGlobalSection
EndGlobal
